
Microsoft Visual Studio Solution File, Format Version 12.00
# Visual Studio Version 17
VisualStudioVersion = 17.3.32929.385
MinimumVisualStudioVersion = 10.0.40219.1
Project("{9A19103F-16F7-4668-BE54-9A1E7A4F7556}") = "CKK.Logic", "CKK.Logic\CKK.Logic.csproj", "{985FAE36-0B77-4CA5-BE06-55917ECF0FBE}"
EndProject
Project("{FAE04EC0-301F-11D3-BF4B-00C04F79EFBC}") = "Deliverable 4b.tests", "Deliverable 4b\Deliverable 4b.tests.csproj", "{889896EE-39D6-4744-B696-85DEBE91D402}"
EndProject
Global
	GlobalSection(SolutionConfigurationPlatforms) = preSolution
		Debug|Any CPU = Debug|Any CPU
		Release|Any CPU = Release|Any CPU
	EndGlobalSection
	GlobalSection(ProjectConfigurationPlatforms) = postSolution
		{985FAE36-0B77-4CA5-BE06-55917ECF0FBE}.Debug|Any CPU.ActiveCfg = Debug|Any CPU
		{985FAE36-0B77-4CA5-BE06-55917ECF0FBE}.Debug|Any CPU.Build.0 = Debug|Any CPU
		{985FAE36-0B77-4CA5-BE06-55917ECF0FBE}.Release|Any CPU.ActiveCfg = Release|Any CPU
		{985FAE36-0B77-4CA5-BE06-55917ECF0FBE}.Release|Any CPU.Build.0 = Release|Any CPU
		{889896EE-39D6-4744-B696-85DEBE91D402}.Debug|Any CPU.ActiveCfg = Debug|Any CPU
		{889896EE-39D6-4744-B696-85DEBE91D402}.Debug|Any CPU.Build.0 = Debug|Any CPU
		{889896EE-39D6-4744-B696-85DEBE91D402}.Release|Any CPU.ActiveCfg = Release|Any CPU
		{889896EE-39D6-4744-B696-85DEBE91D402}.Release|Any CPU.Build.0 = Release|Any CPU
	EndGlobalSection
	GlobalSection(SolutionProperties) = preSolution
		HideSolutionNode = FALSE
	EndGlobalSection
	GlobalSection(ExtensibilityGlobals) = postSolution
		SolutionGuid = {B9B52EE2-16CF-4050-8263-A3CE9CEDE11F}
	EndGlobalSection
EndGlobal
